
Microsoft Visual Studio Solution File, Format Version 12.00
# Visual Studio Version 17
VisualStudioVersion = 17.0.32112.339
MinimumVisualStudioVersion = 10.0.40219.1
Project("{9A19103F-16F7-4668-BE54-9A1E7A4F7556}") = "NhsWebDemo", "NhsWebDemo\NhsWebDemo.csproj", "{AD78EF99-5B93-4C6C-B3AE-3A0F8E171941}"
EndProject
Global
	GlobalSection(SolutionConfigurationPlatforms) = preSolution
		Debug|Any CPU = Debug|Any CPU
		Release|Any CPU = Release|Any CPU
	EndGlobalSection
	GlobalSection(ProjectConfigurationPlatforms) = postSolution
		{AD78EF99-5B93-4C6C-B3AE-3A0F8E171941}.Debug|Any CPU.ActiveCfg = Debug|Any CPU
		{AD78EF99-5B93-4C6C-B3AE-3A0F8E171941}.Debug|Any CPU.Build.0 = Debug|Any CPU
		{AD78EF99-5B93-4C6C-B3AE-3A0F8E171941}.Release|Any CPU.ActiveCfg = Release|Any CPU
		{AD78EF99-5B93-4C6C-B3AE-3A0F8E171941}.Release|Any CPU.Build.0 = Release|Any CPU
	EndGlobalSection
	GlobalSection(SolutionProperties) = preSolution
		HideSolutionNode = FALSE
	EndGlobalSection
	GlobalSection(ExtensibilityGlobals) = postSolution
		SolutionGuid = {5A0A797E-0475-49C9-B0BD-D52E3E0B5CAB}
	EndGlobalSection
EndGlobal
